<?xml version="1.0" encoding="utf-8"?>
<Project ToolsVersion="4.0" xmlns="http://schemas.microsoft.com/developer/msbuild/2003">
  <ItemGroup>
    <Filter Include="Source Files">
      <UniqueIdentifier>{4FC737F1-C7A5-4376-A066-2A32D752A2FF}</UniqueIdentifier>
      <Extensions>cpp;c;cc;cxx;def;odl;idl;hpj;bat;asm;asmx</Extensions>
    </Filter>
    <Filter Include="Header Files">
      <UniqueIdentifier>{93995380-89BD-4b04-88EB-625FBE52EBFB}</UniqueIdentifier>
      <Extensions>h;hh;hpp;hxx;hm;inl;inc;xsd</Extensions>
    </Filter>
    <Filter Include="Resource Files">
      <UniqueIdentifier>{67DA6AB6-F800-4c08-8B7A-83BB121AAD01}</UniqueIdentifier>
      <Extensions>rc;ico;cur;bmp;dlg;rc2;rct;bin;rgs;gif;jpg;jpeg;jpe;resx;tiff;tif;png;wav;mfcribbon-ms</Extensions>
    </Filter>
  </ItemGroup>
  <ItemGroup>
    <ClCompile Include="src\main.cpp">
      <Filter>Source Files</Filter>
    </ClCompile>
    <ClCompile Include="src\Game.cpp">
      <Filter>Source Files</Filter>
    </ClCompile>
    <ClCompile Include="src\Renderer.cpp">
      <Filter>Source Files</Filter>
    </ClCompile>
    <ClCompile Include="src\Actor.cpp">
      <Filter>Source Files</Filter>
    </ClCompile>
    <ClCompile Include="src\Pawn.cpp">
      <Filter>Source Files</Filter>
    </ClCompile>
    <ClCompile Include="src\Hero.cpp">
      <Filter>Source Files</Filter>
    </ClCompile>
    <ClCompile Include="src\SceneManager.cpp">
      <Filter>Source Files</Filter>
    </ClCompile>
    <ClCompile Include="src\Level.cpp">
      <Filter>Source Files</Filter>
    </ClCompile>
    <ClCompile Include="src\collision\CollisionGroup.cpp">
      <Filter>Source Files</Filter>
    </ClCompile>
    <ClCompile Include="src\collision\Collidable.cpp">
      <Filter>Source Files</Filter>
    </ClCompile>
    <ClCompile Include="src\Damage.cpp">
      <Filter>Source Files</Filter>
    </ClCompile>
    <ClCompile Include="src\Projectile.cpp">
      <Filter>Source Files</Filter>
    </ClCompile>
    <ClCompile Include="src\BasicTower.cpp">
      <Filter>Source Files</Filter>
    </ClCompile>
    <ClCompile Include="src\Menu.cpp">
      <Filter>Source Files</Filter>
    </ClCompile>
    <ClCompile Include="src\HUD.cpp">
      <Filter>Source Files</Filter>
    </ClCompile>
    <ClCompile Include="src\TerrainInterpreter.cpp">
      <Filter>Source Files</Filter>
    </ClCompile>
    <ClCompile Include="src\TowerPlacer.cpp">
      <Filter>Source Files</Filter>
    </ClCompile>
    <ClCompile Include="src\Pathing\Path.cpp">
      <Filter>Source Files</Filter>
    </ClCompile>
    <ClCompile Include="src\Pathing\Node.cpp">
      <Filter>Source Files</Filter>
    </ClCompile>
    <ClCompile Include="src\Minion.cpp">
      <Filter>Source Files</Filter>
    </ClCompile>
    <ClCompile Include="src\Camera.cpp">
      <Filter>Source Files</Filter>
    </ClCompile>
    <ClCompile Include="include\TinyXML2\tinyxml2.cpp">
      <Filter>Source Files</Filter>
    </ClCompile>
    <ClCompile Include="src\UnitFactory.cpp">
      <Filter>Source Files</Filter>
    </ClCompile>
    <ClCompile Include="src\UnitTower.cpp">
      <Filter>Source Files</Filter>
    </ClCompile>
    <ClCompile Include="src\Button.cpp">
      <Filter>Source Files</Filter>
    </ClCompile>
    <ClCompile Include="src\MainMenu.cpp">
      <Filter>Source Files</Filter>
    </ClCompile>
    <ClCompile Include="src\LevelSelect.cpp">
      <Filter>Source Files</Filter>
    </ClCompile>
    <ClCompile Include="src\Scene.cpp">
      <Filter>Source Files</Filter>
    </ClCompile>
    <ClCompile Include="src\Cursor.cpp">
      <Filter>Source Files</Filter>
    </ClCompile>
    <ClCompile Include="src\PlayerProfile.cpp">
      <Filter>Source Files</Filter>
    </ClCompile>
    <ClCompile Include="src\ProjectileManager.cpp">
      <Filter>Source Files</Filter>
    </ClCompile>
    <ClCompile Include="src\MageTower.cpp">
      <Filter>Source Files</Filter>
    </ClCompile>
    <ClCompile Include="src\FancyProjectile.cpp">
      <Filter>Source Files</Filter>
    </ClCompile>
    <ClCompile Include="src\ArcProjectile.cpp">
      <Filter>Source Files</Filter>
    </ClCompile>
    <ClCompile Include="src\Tower.cpp">
      <Filter>Source Files</Filter>
    </ClCompile>
    <ClCompile Include="src\Abilities\Ability.cpp">
      <Filter>Source Files</Filter>
    </ClCompile>
    <ClCompile Include="src\Abilities\MagicMissile.cpp">
      <Filter>Source Files</Filter>
    </ClCompile>
  </ItemGroup>
  <ItemGroup>
    <ClInclude Include="include\Actor.h">
      <Filter>Header Files</Filter>
    </ClInclude>
    <ClInclude Include="include\Collidable.h">
      <Filter>Header Files</Filter>
    </ClInclude>
    <ClInclude Include="include\Pawn.h">
      <Filter>Header Files</Filter>
    </ClInclude>
    <ClInclude Include="include\Damage.h">
      <Filter>Header Files</Filter>
    </ClInclude>
    <ClInclude Include="include\Minion.h">
      <Filter>Header Files</Filter>
    </ClInclude>
    <ClInclude Include="include\Hero.h">
      <Filter>Header Files</Filter>
    </ClInclude>
    <ClInclude Include="include\Game.h">
      <Filter>Header Files</Filter>
    </ClInclude>
    <ClInclude Include="include\ResourceManager.h">
      <Filter>Header Files</Filter>
    </ClInclude>
    <ClInclude Include="include\Renderer.h">
      <Filter>Header Files</Filter>
    </ClInclude>
    <ClInclude Include="include\Scene.h">
      <Filter>Header Files</Filter>
    </ClInclude>
    <ClInclude Include="include\SceneManager.h">
      <Filter>Header Files</Filter>
    </ClInclude>
    <ClInclude Include="include\Actor.hpp">
      <Filter>Header Files</Filter>
    </ClInclude>
    <ClInclude Include="include\Damage.hpp">
      <Filter>Header Files</Filter>
    </ClInclude>
    <ClInclude Include="include\Game.hpp">
      <Filter>Header Files</Filter>
    </ClInclude>
    <ClInclude Include="include\Hero.hpp">
      <Filter>Header Files</Filter>
    </ClInclude>
    <ClInclude Include="include\Pawn.hpp">
      <Filter>Header Files</Filter>
    </ClInclude>
    <ClInclude Include="include\Renderer.hpp">
      <Filter>Header Files</Filter>
    </ClInclude>
    <ClInclude Include="include\ResourceManager.hpp">
      <Filter>Header Files</Filter>
    </ClInclude>
    <ClInclude Include="include\Scene.hpp">
      <Filter>Header Files</Filter>
    </ClInclude>
    <ClInclude Include="include\SceneManager.hpp">
      <Filter>Header Files</Filter>
    </ClInclude>
    <ClInclude Include="include\Level.hpp">
      <Filter>Header Files</Filter>
    </ClInclude>
    <ClInclude Include="include\Collision\CollisionGroup.hpp">
      <Filter>Header Files</Filter>
    </ClInclude>
    <ClInclude Include="include\Collision\Collidable.hpp">
      <Filter>Header Files</Filter>
    </ClInclude>
    <ClInclude Include="include\Towers\BasicTower.h">
      <Filter>Header Files</Filter>
    </ClInclude>
    <ClInclude Include="include\Projectile.h">
      <Filter>Header Files</Filter>
    </ClInclude>
    <ClInclude Include="include\Menu.hpp">
      <Filter>Header Files</Filter>
    </ClInclude>
    <ClInclude Include="include\MenuFunctions.h">
      <Filter>Header Files</Filter>
    </ClInclude>
    <ClInclude Include="include\HUD.hpp">
      <Filter>Header Files</Filter>
    </ClInclude>
    <ClInclude Include="include\Quadtree.hpp">
      <Filter>Header Files</Filter>
    </ClInclude>
    <ClInclude Include="include\TerrainInterpreter.h">
      <Filter>Header Files</Filter>
    </ClInclude>
    <ClInclude Include="include\Towers\TowerPlacer.hpp">
      <Filter>Header Files</Filter>
    </ClInclude>
    <ClInclude Include="include\Pathing\Path.hpp">
      <Filter>Header Files</Filter>
    </ClInclude>
    <ClInclude Include="include\Pathing\Node.hpp">
      <Filter>Header Files</Filter>
    </ClInclude>
    <ClInclude Include="include\Minion.hpp">
      <Filter>Header Files</Filter>
    </ClInclude>
    <ClInclude Include="include\Camera.hpp">
      <Filter>Header Files</Filter>
    </ClInclude>
    <ClInclude Include="include\TinyXML2\tinyxml2.h">
      <Filter>Header Files</Filter>
    </ClInclude>
    <ClInclude Include="include\UnitFactory.hpp">
      <Filter>Header Files</Filter>
    </ClInclude>
    <ClInclude Include="include\Towers\UnitTower.hpp">
      <Filter>Header Files</Filter>
    </ClInclude>
    <ClInclude Include="include\LevelSelect.hpp">
      <Filter>Header Files</Filter>
    </ClInclude>
    <ClInclude Include="include\Gui\Button.hpp">
      <Filter>Header Files</Filter>
    </ClInclude>
    <ClInclude Include="include\MainMenu.hpp">
      <Filter>Header Files</Filter>
    </ClInclude>
    <ClInclude Include="include\Cursor.h">
      <Filter>Header Files</Filter>
    </ClInclude>
    <ClInclude Include="include\PlayerProfile.hpp">
      <Filter>Header Files</Filter>
    </ClInclude>
    <ClInclude Include="include\ProfileSelectScene.hpp">
      <Filter>Header Files</Filter>
    </ClInclude>
    <ClInclude Include="include\ProjectileManager.hpp">
      <Filter>Header Files</Filter>
    </ClInclude>
    <ClInclude Include="include\Towers\MageTower.hpp">
      <Filter>Header Files</Filter>
    </ClInclude>
    <ClInclude Include="include\FancyProjectile.hpp">
      <Filter>Header Files</Filter>
    </ClInclude>
    <ClInclude Include="include\ArcProjectile.h">
      <Filter>Header Files</Filter>
    </ClInclude>
    <ClInclude Include="include\Towers\Tower.h">
      <Filter>Header Files</Filter>
    </ClInclude>
    <ClInclude Include="include\Abilities\Ability.hpp">
      <Filter>Header Files</Filter>
    </ClInclude>
    <ClInclude Include="include\Abilities\MagicMissileAbility.hpp">
      <Filter>Header Files</Filter>
    </ClInclude>
  </ItemGroup>
  <ItemGroup>
    <Image Include="res\img\placeholderActor.png">
      <Filter>Resource Files</Filter>
    </Image>
    <Image Include="res\img\placeholderActorBlue.png">
      <Filter>Resource Files</Filter>
    </Image>
    <Image Include="res\img\projectile.png">
      <Filter>Resource Files</Filter>
    </Image>
    <Image Include="res\img\tower.png">
      <Filter>Resource Files</Filter>
    </Image>
  </ItemGroup>
  <ItemGroup>
    <None Include="res\sfx\hit01.ogg" />
  </ItemGroup>
</Project>